<?xml version="1.0" encoding="UTF-8" standalone="yes" ?>
<CodeBlocks_project_file>
	<FileVersion major="1" minor="6" />
	<Project>
		<Option title="EaA3 - POO/C++ - Polimorfismo Instrumentos" />
		<Option pch_mode="2" />
		<Option compiler="gcc" />
		<Build>
			<Target title="Debug">
				<Option output="bin/Debug/EaA3_POO" prefix_auto="1" extension_auto="1" />
				<Option object_output="obj/Debug/" />
				<Option type="1" />
				<Option compiler="gcc" />
				<Compiler>
					<Add option="-g" />
				</Compiler>
			</Target>
			<Target title="Release">
				<Option output="bin/Release/EaA3_POO" prefix_auto="1" extension_auto="1" />
				<Option object_output="obj/Release/" />
				<Option type="1" />
				<Option compiler="gcc" />
				<Compiler>
					<Add option="-O2" />
				</Compiler>
				<Linker>
					<Add option="-s" />
				</Linker>
			</Target>
		</Build>
		<Compiler>
			<Add option="-Wall" />
			<Add option="-fexceptions" />
		</Compiler>
		<Unit filename="include/CambioEscalaException.h" />
		<Unit filename="include/Cuerdas.h" />
		<Unit filename="include/Instrumento.h" />
		<Unit filename="include/Percusion.h" />
		<Unit filename="include/Vientos.h" />
		<Unit filename="main.cpp" />
		<Unit filename="source/Cuerdas.cpp" />
		<Unit filename="source/Instrumento.cpp" />
		<Unit filename="source/Percusion.cpp" />
		<Unit filename="source/Vientos.cpp" />
		<Extensions>
			<lib_finder disable_auto="1" />
		</Extensions>
	</Project>
</CodeBlocks_project_file>
